
Microsoft Visual Studio Solution File, Format Version 12.00
# Visual Studio 15
VisualStudioVersion = 15.0.28307.271
MinimumVisualStudioVersion = 10.0.40219.1
Project("{FAE04EC0-301F-11D3-BF4B-00C04F79EFBC}") = "Assignment01", "Assignment01\Assignment01.csproj", "{D7E0FB04-F24F-4A7A-9552-27A06B46DBEE}"
EndProject
Project("{FAE04EC0-301F-11D3-BF4B-00C04F79EFBC}") = "Assignment02", "Assignment02\Assignment02.csproj", "{747643B6-0206-4CE7-BAAA-69A7544A5C63}"
EndProject
Project("{FAE04EC0-301F-11D3-BF4B-00C04F79EFBC}") = "Assignment03", "Assignment03\Assignment03.csproj", "{635F2960-5808-4B02-8773-0A7036C65F6E}"
EndProject
Global
	GlobalSection(SolutionConfigurationPlatforms) = preSolution
		Debug|Any CPU = Debug|Any CPU
		Release|Any CPU = Release|Any CPU
	EndGlobalSection
	GlobalSection(ProjectConfigurationPlatforms) = postSolution
		{D7E0FB04-F24F-4A7A-9552-27A06B46DBEE}.Debug|Any CPU.ActiveCfg = Debug|Any CPU
		{D7E0FB04-F24F-4A7A-9552-27A06B46DBEE}.Debug|Any CPU.Build.0 = Debug|Any CPU
		{D7E0FB04-F24F-4A7A-9552-27A06B46DBEE}.Release|Any CPU.ActiveCfg = Release|Any CPU
		{D7E0FB04-F24F-4A7A-9552-27A06B46DBEE}.Release|Any CPU.Build.0 = Release|Any CPU
		{747643B6-0206-4CE7-BAAA-69A7544A5C63}.Debug|Any CPU.ActiveCfg = Debug|Any CPU
		{747643B6-0206-4CE7-BAAA-69A7544A5C63}.Debug|Any CPU.Build.0 = Debug|Any CPU
		{747643B6-0206-4CE7-BAAA-69A7544A5C63}.Release|Any CPU.ActiveCfg = Release|Any CPU
		{747643B6-0206-4CE7-BAAA-69A7544A5C63}.Release|Any CPU.Build.0 = Release|Any CPU
		{635F2960-5808-4B02-8773-0A7036C65F6E}.Debug|Any CPU.ActiveCfg = Debug|Any CPU
		{635F2960-5808-4B02-8773-0A7036C65F6E}.Debug|Any CPU.Build.0 = Debug|Any CPU
		{635F2960-5808-4B02-8773-0A7036C65F6E}.Release|Any CPU.ActiveCfg = Release|Any CPU
		{635F2960-5808-4B02-8773-0A7036C65F6E}.Release|Any CPU.Build.0 = Release|Any CPU
	EndGlobalSection
	GlobalSection(SolutionProperties) = preSolution
		HideSolutionNode = FALSE
	EndGlobalSection
	GlobalSection(ExtensibilityGlobals) = postSolution
		SolutionGuid = {0EE92750-3087-4A99-8D38-215B28C313FA}
	EndGlobalSection
EndGlobal
